
Microsoft Visual Studio Solution File, Format Version 12.00
# Visual Studio Version 17
VisualStudioVersion = 17.5.002.0
MinimumVisualStudioVersion = 10.0.40219.1
Project("{9A19103F-16F7-4668-BE54-9A1E7A4F7556}") = "learning-C#", "learning-C#.csproj", "{D084D061-6829-422C-A63A-037FE940FF67}"
EndProject
Global
	GlobalSection(SolutionConfigurationPlatforms) = preSolution
		Debug|Any CPU = Debug|Any CPU
		Release|Any CPU = Release|Any CPU
	EndGlobalSection
	GlobalSection(ProjectConfigurationPlatforms) = postSolution
		{D084D061-6829-422C-A63A-037FE940FF67}.Debug|Any CPU.ActiveCfg = Debug|Any CPU
		{D084D061-6829-422C-A63A-037FE940FF67}.Debug|Any CPU.Build.0 = Debug|Any CPU
		{D084D061-6829-422C-A63A-037FE940FF67}.Release|Any CPU.ActiveCfg = Release|Any CPU
		{D084D061-6829-422C-A63A-037FE940FF67}.Release|Any CPU.Build.0 = Release|Any CPU
	EndGlobalSection
	GlobalSection(SolutionProperties) = preSolution
		HideSolutionNode = FALSE
	EndGlobalSection
	GlobalSection(ExtensibilityGlobals) = postSolution
		SolutionGuid = {49BF776A-D707-4A46-AAB1-2D5C70AB09E9}
	EndGlobalSection
EndGlobal
